# THIS IS AN AUTOGENERATED FILE. DO NOT EDIT THIS FILE DIRECTLY.
# yarn lockfile v1


"@fortawesome/fontawesome-free@^5.9.0":
  version "5.9.0"
  resolved "https://registry.yarnpkg.com/@fortawesome/fontawesome-free/-/fontawesome-free-5.9.0.tgz#1aa5c59efb1b8c6eb6277d1e3e8c8f31998b8c8e"
  integrity sha512-g795BBEzM/Hq2SYNPm/NQTIp3IWd4eXSH0ds87Na2jnrAUFX3wkyZAI4Gwj9DOaWMuz2/01i8oWI7P7T/XLkhg==

bootstrap-rtl@^3.3.4:
  version "3.3.4"
  resolved "https://registry.yarnpkg.com/bootstrap-rtl/-/bootstrap-rtl-3.3.4.tgz#4f813e6fce91aa9f47ad47f48172355af61c1b11"
  integrity sha1-T4E+b86Rqp9HrUf0gXI1WvYcGxE=
  dependencies:
    bootstrap "^3.3.4"

bootstrap@^3.3.4:
  version "3.4.1"
  resolved "https://registry.yarnpkg.com/bootstrap/-/bootstrap-3.4.1.tgz#c3a347d419e289ad11f4033e3c4132b87c081d72"
  integrity sha512-yN5oZVmRCwe5aKwzRj6736nSmKDX7pLYwsXiCj/EYmo16hODaBiT4En5btW/jhBF/seV+XMx3aYwukYC3A49DA==

bootstrap@^4.1.3:
  version "4.3.1"
  resolved "https://registry.yarnpkg.com/bootstrap/-/bootstrap-4.3.1.tgz#280ca8f610504d99d7b6b4bfc4b68cec601704ac"
  integrity sha512-rXqOmH1VilAt2DyPzluTi2blhk17bO7ef+zLLPlWvG494pDxcM234pJ8wTc/6R40UWizAIIMgxjvxZg5kmsbag==

jquery-colorbox@^1.6.4:
  version "1.6.4"
  resolved "https://registry.yarnpkg.com/jquery-colorbox/-/jquery-colorbox-1.6.4.tgz#799452523a6c494839224ef702e807deb9c06cc5"
  integrity sha1-eZRSUjpsSUg5Ik73AugH3rnAbMU=
  dependencies:
    jquery ">=1.3.2"

jquery@>=1.3.2, jquery@^3.4.1:
  version "3.4.1"
  resolved "https://registry.yarnpkg.com/jquery/-/jquery-3.4.1.tgz#714f1f8d9dde4bdfa55764ba37ef214630d80ef2"
  integrity sha512-36+AdBzCL+y6qjw5Tx7HgzeGCzC81MDDgaUP8ld2zhx58HdqXGoBd+tHdrBMiyjGQs0Hxs/MLZTu/eHNJJuWPw==

ubuntu-fontface@0.1.13:
  version "0.1.13"
  resolved "https://registry.yarnpkg.com/ubuntu-fontface/-/ubuntu-fontface-0.1.13.tgz#8ebbb3defc1e2cbbc9ddbe48025433946279c09b"
  integrity sha1-jruz3vweLLvJ3b5IAlQzlGJ5wJs=
