# THIS IS AN AUTOGENERATED FILE. DO NOT EDIT THIS FILE DIRECTLY.
# yarn lockfile v1


jquery@^3.4.1:
  version "3.4.1"
  resolved "https://registry.yarnpkg.com/jquery/-/jquery-3.4.1.tgz#714f1f8d9dde4bdfa55764ba37ef214630d80ef2"
  integrity sha512-36+AdBzCL+y6qjw5Tx7HgzeGCzC81MDDgaUP8ld2zhx58HdqXGoBd+tHdrBMiyjGQs0Hxs/MLZTu/eHNJJuWPw==

source-code-pro@2.30.1:
  version "2.30.1"
  resolved "https://registry.yarnpkg.com/source-code-pro/-/source-code-pro-2.30.1.tgz#18410cf9ed8c76cbcf71bb99347531b9588573a2"
  integrity sha512-nuXnTwI2qKk8b8qaEohX8VaOG7XaElctlWAIGTC9PxkO3xkPJxhJO4EbfdaUgVWnbcsK8qr4un9aq9EhxKUBxQ==

source-sans-pro@2.45.0:
  version "2.45.0"
  resolved "https://registry.yarnpkg.com/source-sans-pro/-/source-sans-pro-2.45.0.tgz#1c013c404dfa48ed18ceaf3e904be21b5a0a124e"
  integrity sha512-MBbmgyzlD0yCKAvJ4Q86s9BB8yXYld26joJh0DMD53j9aFJZYnFo/B7f4RKXDUfX9I4FyEfdr51lOaVioAOBHw==
